// !$*UTF8*$!
{
	archiveVersion = 1;
	classes = {
	};
	objectVersion = 50;
	objects = {

/* Begin PBXBuildFile section */
		F031CB95217D6B93008DD80F /* GTHomeTableViewController.m in Sources */ = {isa = PBXBuildFile; fileRef = F031CB94217D6B93008DD80F /* GTHomeTableViewController.m */; };
		F031CB98217D6FA8008DD80F /* GTUIKitTableViewController.m in Sources */ = {isa = PBXBuildFile; fileRef = F031CB97217D6FA8008DD80F /* GTUIKitTableViewController.m */; };
		F031CB9B217D7299008DD80F /* GTCellModel.m in Sources */ = {isa = PBXBuildFile; fileRef = F031CB9A217D7299008DD80F /* GTCellModel.m */; };
		F031CBA2217D76BC008DD80F /* GTCarouselViewController.m in Sources */ = {isa = PBXBuildFile; fileRef = F031CBA1217D76BC008DD80F /* GTCarouselViewController.m */; };
		F031CBA5217D7D9A008DD80F /* UIView+GTLayout.m in Sources */ = {isa = PBXBuildFile; fileRef = F031CBA4217D7D9A008DD80F /* UIView+GTLayout.m */; };
		F031CBB1217DD387008DD80F /* GTTimer.m in Sources */ = {isa = PBXBuildFile; fileRef = F031CBB0217DD387008DD80F /* GTTimer.m */; };
		F09389452175F8EB00C902D8 /* AppDelegate.m in Sources */ = {isa = PBXBuildFile; fileRef = F09389442175F8EB00C902D8 /* AppDelegate.m */; };
		F093894B2175F8EB00C902D8 /* Main.storyboard in Resources */ = {isa = PBXBuildFile; fileRef = F09389492175F8EB00C902D8 /* Main.storyboard */; };
		F093894D2175F8EC00C902D8 /* Assets.xcassets in Resources */ = {isa = PBXBuildFile; fileRef = F093894C2175F8EC00C902D8 /* Assets.xcassets */; };
		F09389502175F8EC00C902D8 /* LaunchScreen.storyboard in Resources */ = {isa = PBXBuildFile; fileRef = F093894E2175F8EC00C902D8 /* LaunchScreen.storyboard */; };
		F09389532175F8EC00C902D8 /* main.m in Sources */ = {isa = PBXBuildFile; fileRef = F09389522175F8EC00C902D8 /* main.m */; };
		F093895D2175F8EC00C902D8 /* ComponentLibraryTests.m in Sources */ = {isa = PBXBuildFile; fileRef = F093895C2175F8EC00C902D8 /* ComponentLibraryTests.m */; };
		F09389682175F8EC00C902D8 /* ComponentLibraryUITests.m in Sources */ = {isa = PBXBuildFile; fileRef = F09389672175F8EC00C902D8 /* ComponentLibraryUITests.m */; };
		F09389802175F9E500C902D8 /* GTCarouselView.m in Sources */ = {isa = PBXBuildFile; fileRef = F09389782175F9E400C902D8 /* GTCarouselView.m */; };
		F09389812175F9E500C902D8 /* GTCarouselCollectionViewFlowLayout.m in Sources */ = {isa = PBXBuildFile; fileRef = F093897A2175F9E400C902D8 /* GTCarouselCollectionViewFlowLayout.m */; };
		F09389822175F9E500C902D8 /* GTCarouselPageControlView.m in Sources */ = {isa = PBXBuildFile; fileRef = F093897C2175F9E500C902D8 /* GTCarouselPageControlView.m */; };
		F09389832175F9E500C902D8 /* GTCarouselCollectionViewCell.m in Sources */ = {isa = PBXBuildFile; fileRef = F093897F2175F9E500C902D8 /* GTCarouselCollectionViewCell.m */; };
/* End PBXBuildFile section */

/* Begin PBXContainerItemProxy section */
		F09389592175F8EC00C902D8 /* PBXContainerItemProxy */ = {
			isa = PBXContainerItemProxy;
			containerPortal = F09389382175F8EB00C902D8 /* Project object */;
			proxyType = 1;
			remoteGlobalIDString = F093893F2175F8EB00C902D8;
			remoteInfo = ComponentLibrary;
		};
		F09389642175F8EC00C902D8 /* PBXContainerItemProxy */ = {
			isa = PBXContainerItemProxy;
			containerPortal = F09389382175F8EB00C902D8 /* Project object */;
			proxyType = 1;
			remoteGlobalIDString = F093893F2175F8EB00C902D8;
			remoteInfo = ComponentLibrary;
		};
/* End PBXContainerItemProxy section */

/* Begin PBXFileReference section */
		F031CB93217D6B93008DD80F /* GTHomeTableViewController.h */ = {isa = PBXFileReference; lastKnownFileType = sourcecode.c.h; path = GTHomeTableViewController.h; sourceTree = "<group>"; };
		F031CB94217D6B93008DD80F /* GTHomeTableViewController.m */ = {isa = PBXFileReference; lastKnownFileType = sourcecode.c.objc; path = GTHomeTableViewController.m; sourceTree = "<group>"; };
		F031CB96217D6FA8008DD80F /* GTUIKitTableViewController.h */ = {isa = PBXFileReference; lastKnownFileType = sourcecode.c.h; path = GTUIKitTableViewController.h; sourceTree = "<group>"; };
		F031CB97217D6FA8008DD80F /* GTUIKitTableViewController.m */ = {isa = PBXFileReference; lastKnownFileType = sourcecode.c.objc; path = GTUIKitTableViewController.m; sourceTree = "<group>"; };
		F031CB99217D7299008DD80F /* GTCellModel.h */ = {isa = PBXFileReference; lastKnownFileType = sourcecode.c.h; path = GTCellModel.h; sourceTree = "<group>"; };
		F031CB9A217D7299008DD80F /* GTCellModel.m */ = {isa = PBXFileReference; lastKnownFileType = sourcecode.c.objc; path = GTCellModel.m; sourceTree = "<group>"; };
		F031CBA0217D76BC008DD80F /* GTCarouselViewController.h */ = {isa = PBXFileReference; lastKnownFileType = sourcecode.c.h; path = GTCarouselViewController.h; sourceTree = "<group>"; };
		F031CBA1217D76BC008DD80F /* GTCarouselViewController.m */ = {isa = PBXFileReference; lastKnownFileType = sourcecode.c.objc; path = GTCarouselViewController.m; sourceTree = "<group>"; };
		F031CBA3217D7D9A008DD80F /* UIView+GTLayout.h */ = {isa = PBXFileReference; lastKnownFileType = sourcecode.c.h; path = "UIView+GTLayout.h"; sourceTree = "<group>"; };
		F031CBA4217D7D9A008DD80F /* UIView+GTLayout.m */ = {isa = PBXFileReference; lastKnownFileType = sourcecode.c.objc; path = "UIView+GTLayout.m"; sourceTree = "<group>"; };
		F031CBA6217D80B7008DD80F /* PrefixHeader.pch */ = {isa = PBXFileReference; lastKnownFileType = sourcecode.c.h; path = PrefixHeader.pch; sourceTree = "<group>"; };
		F031CBA9217DBD8B008DD80F /* Macro.h */ = {isa = PBXFileReference; lastKnownFileType = sourcecode.c.h; path = Macro.h; sourceTree = "<group>"; };
		F031CBAF217DD387008DD80F /* GTTimer.h */ = {isa = PBXFileReference; lastKnownFileType = sourcecode.c.h; path = GTTimer.h; sourceTree = "<group>"; };
		F031CBB0217DD387008DD80F /* GTTimer.m */ = {isa = PBXFileReference; lastKnownFileType = sourcecode.c.objc; path = GTTimer.m; sourceTree = "<group>"; };
		F09389402175F8EB00C902D8 /* ComponentLibrary.app */ = {isa = PBXFileReference; explicitFileType = wrapper.application; includeInIndex = 0; path = ComponentLibrary.app; sourceTree = BUILT_PRODUCTS_DIR; };
		F09389432175F8EB00C902D8 /* AppDelegate.h */ = {isa = PBXFileReference; lastKnownFileType = sourcecode.c.h; path = AppDelegate.h; sourceTree = "<group>"; };
		F09389442175F8EB00C902D8 /* AppDelegate.m */ = {isa = PBXFileReference; lastKnownFileType = sourcecode.c.objc; path = AppDelegate.m; sourceTree = "<group>"; };
		F093894A2175F8EB00C902D8 /* Base */ = {isa = PBXFileReference; lastKnownFileType = file.storyboard; name = Base; path = Base.lproj/Main.storyboard; sourceTree = "<group>"; };
		F093894C2175F8EC00C902D8 /* Assets.xcassets */ = {isa = PBXFileReference; lastKnownFileType = folder.assetcatalog; path = Assets.xcassets; sourceTree = "<group>"; };
		F093894F2175F8EC00C902D8 /* Base */ = {isa = PBXFileReference; lastKnownFileType = file.storyboard; name = Base; path = Base.lproj/LaunchScreen.storyboard; sourceTree = "<group>"; };
		F09389512175F8EC00C902D8 /* Info.plist */ = {isa = PBXFileReference; lastKnownFileType = text.plist.xml; path = Info.plist; sourceTree = "<group>"; };
		F09389522175F8EC00C902D8 /* main.m */ = {isa = PBXFileReference; lastKnownFileType = sourcecode.c.objc; path = main.m; sourceTree = "<group>"; };
		F09389582175F8EC00C902D8 /* ComponentLibraryTests.xctest */ = {isa = PBXFileReference; explicitFileType = wrapper.cfbundle; includeInIndex = 0; path = ComponentLibraryTests.xctest; sourceTree = BUILT_PRODUCTS_DIR; };
		F093895C2175F8EC00C902D8 /* ComponentLibraryTests.m */ = {isa = PBXFileReference; lastKnownFileType = sourcecode.c.objc; path = ComponentLibraryTests.m; sourceTree = "<group>"; };
		F093895E2175F8EC00C902D8 /* Info.plist */ = {isa = PBXFileReference; lastKnownFileType = text.plist.xml; path = Info.plist; sourceTree = "<group>"; };
		F09389632175F8EC00C902D8 /* ComponentLibraryUITests.xctest */ = {isa = PBXFileReference; explicitFileType = wrapper.cfbundle; includeInIndex = 0; path = ComponentLibraryUITests.xctest; sourceTree = BUILT_PRODUCTS_DIR; };
		F09389672175F8EC00C902D8 /* ComponentLibraryUITests.m */ = {isa = PBXFileReference; lastKnownFileType = sourcecode.c.objc; path = ComponentLibraryUITests.m; sourceTree = "<group>"; };
		F09389692175F8EC00C902D8 /* Info.plist */ = {isa = PBXFileReference; lastKnownFileType = text.plist.xml; path = Info.plist; sourceTree = "<group>"; };
		F09389782175F9E400C902D8 /* GTCarouselView.m */ = {isa = PBXFileReference; fileEncoding = 4; lastKnownFileType = sourcecode.c.objc; path = GTCarouselView.m; sourceTree = "<group>"; };
		F09389792175F9E400C902D8 /* GTCarouselCollectionViewFlowLayout.h */ = {isa = PBXFileReference; fileEncoding = 4; lastKnownFileType = sourcecode.c.h; path = GTCarouselCollectionViewFlowLayout.h; sourceTree = "<group>"; };
		F093897A2175F9E400C902D8 /* GTCarouselCollectionViewFlowLayout.m */ = {isa = PBXFileReference; fileEncoding = 4; lastKnownFileType = sourcecode.c.objc; path = GTCarouselCollectionViewFlowLayout.m; sourceTree = "<group>"; };
		F093897B2175F9E400C902D8 /* GTCarouselCollectionViewCell.h */ = {isa = PBXFileReference; fileEncoding = 4; lastKnownFileType = sourcecode.c.h; path = GTCarouselCollectionViewCell.h; sourceTree = "<group>"; };
		F093897C2175F9E500C902D8 /* GTCarouselPageControlView.m */ = {isa = PBXFileReference; fileEncoding = 4; lastKnownFileType = sourcecode.c.objc; path = GTCarouselPageControlView.m; sourceTree = "<group>"; };
		F093897D2175F9E500C902D8 /* GTCarouselView.h */ = {isa = PBXFileReference; fileEncoding = 4; lastKnownFileType = sourcecode.c.h; path = GTCarouselView.h; sourceTree = "<group>"; };
		F093897E2175F9E500C902D8 /* GTCarouselPageControlView.h */ = {isa = PBXFileReference; fileEncoding = 4; lastKnownFileType = sourcecode.c.h; path = GTCarouselPageControlView.h; sourceTree = "<group>"; };
		F093897F2175F9E500C902D8 /* GTCarouselCollectionViewCell.m */ = {isa = PBXFileReference; fileEncoding = 4; lastKnownFileType = sourcecode.c.objc; path = GTCarouselCollectionViewCell.m; sourceTree = "<group>"; };
/* End PBXFileReference section */

/* Begin PBXFrameworksBuildPhase section */
		F093893D2175F8EB00C902D8 /* Frameworks */ = {
			isa = PBXFrameworksBuildPhase;
			buildActionMask = 2147483647;
			files = (
			);
			runOnlyForDeploymentPostprocessing = 0;
		};
		F09389552175F8EC00C902D8 /* Frameworks */ = {
			isa = PBXFrameworksBuildPhase;
			buildActionMask = 2147483647;
			files = (
			);
			runOnlyForDeploymentPostprocessing = 0;
		};
		F09389602175F8EC00C902D8 /* Frameworks */ = {
			isa = PBXFrameworksBuildPhase;
			buildActionMask = 2147483647;
			files = (
			);
			runOnlyForDeploymentPostprocessing = 0;
		};
/* End PBXFrameworksBuildPhase section */

/* Begin PBXGroup section */
		F031CB9C217D756C008DD80F /* Modules */ = {
			isa = PBXGroup;
			children = (
				F031CB9F217D7622008DD80F /* Carousel */,
				F031CB9D217D75E2008DD80F /* HomePage */,
			);
			path = Modules;
			sourceTree = "<group>";
		};
		F031CB9D217D75E2008DD80F /* HomePage */ = {
			isa = PBXGroup;
			children = (
				F031CB9E217D75FE008DD80F /* Model */,
				F031CB93217D6B93008DD80F /* GTHomeTableViewController.h */,
				F031CB94217D6B93008DD80F /* GTHomeTableViewController.m */,
				F031CB96217D6FA8008DD80F /* GTUIKitTableViewController.h */,
				F031CB97217D6FA8008DD80F /* GTUIKitTableViewController.m */,
			);
			path = HomePage;
			sourceTree = "<group>";
		};
		F031CB9E217D75FE008DD80F /* Model */ = {
			isa = PBXGroup;
			children = (
				F031CB99217D7299008DD80F /* GTCellModel.h */,
				F031CB9A217D7299008DD80F /* GTCellModel.m */,
			);
			path = Model;
			sourceTree = "<group>";
		};
		F031CB9F217D7622008DD80F /* Carousel */ = {
			isa = PBXGroup;
			children = (
				F031CBA7217DA00B008DD80F /* View */,
				F031CBA0217D76BC008DD80F /* GTCarouselViewController.h */,
				F031CBA1217D76BC008DD80F /* GTCarouselViewController.m */,
			);
			path = Carousel;
			sourceTree = "<group>";
		};
		F031CBA7217DA00B008DD80F /* View */ = {
			isa = PBXGroup;
			children = (
				F093897B2175F9E400C902D8 /* GTCarouselCollectionViewCell.h */,
				F093897F2175F9E500C902D8 /* GTCarouselCollectionViewCell.m */,
			);
			path = View;
			sourceTree = "<group>";
		};
		F031CBA8217DBD72008DD80F /* Macro */ = {
			isa = PBXGroup;
			children = (
				F031CBA9217DBD8B008DD80F /* Macro.h */,
			);
			path = Macro;
			sourceTree = "<group>";
		};
		F031CBAE217DD354008DD80F /* Timer */ = {
			isa = PBXGroup;
			children = (
				F031CBAF217DD387008DD80F /* GTTimer.h */,
				F031CBB0217DD387008DD80F /* GTTimer.m */,
			);
			path = Timer;
			sourceTree = "<group>";
		};
		F09389372175F8EB00C902D8 = {
			isa = PBXGroup;
			children = (
				F09389422175F8EB00C902D8 /* ComponentLibrary */,
				F093895B2175F8EC00C902D8 /* ComponentLibraryTests */,
				F09389662175F8EC00C902D8 /* ComponentLibraryUITests */,
				F09389412175F8EB00C902D8 /* Products */,
			);
			sourceTree = "<group>";
		};
		F09389412175F8EB00C902D8 /* Products */ = {
			isa = PBXGroup;
			children = (
				F09389402175F8EB00C902D8 /* ComponentLibrary.app */,
				F09389582175F8EC00C902D8 /* ComponentLibraryTests.xctest */,
				F09389632175F8EC00C902D8 /* ComponentLibraryUITests.xctest */,
			);
			name = Products;
			sourceTree = "<group>";
		};
		F09389422175F8EB00C902D8 /* ComponentLibrary */ = {
			isa = PBXGroup;
			children = (
				F031CBA8217DBD72008DD80F /* Macro */,
				F031CB9C217D756C008DD80F /* Modules */,
				F09389772175F97A00C902D8 /* Utility */,
				F09389752175F90C00C902D8 /* UIKit */,
				F09389432175F8EB00C902D8 /* AppDelegate.h */,
				F09389442175F8EB00C902D8 /* AppDelegate.m */,
				F09389492175F8EB00C902D8 /* Main.storyboard */,
				F093894C2175F8EC00C902D8 /* Assets.xcassets */,
				F093894E2175F8EC00C902D8 /* LaunchScreen.storyboard */,
				F09389512175F8EC00C902D8 /* Info.plist */,
				F09389522175F8EC00C902D8 /* main.m */,
				F031CBA6217D80B7008DD80F /* PrefixHeader.pch */,
			);
			path = ComponentLibrary;
			sourceTree = "<group>";
		};
		F093895B2175F8EC00C902D8 /* ComponentLibraryTests */ = {
			isa = PBXGroup;
			children = (
				F093895C2175F8EC00C902D8 /* ComponentLibraryTests.m */,
				F093895E2175F8EC00C902D8 /* Info.plist */,
			);
			path = ComponentLibraryTests;
			sourceTree = "<group>";
		};
		F09389662175F8EC00C902D8 /* ComponentLibraryUITests */ = {
			isa = PBXGroup;
			children = (
				F09389672175F8EC00C902D8 /* ComponentLibraryUITests.m */,
				F09389692175F8EC00C902D8 /* Info.plist */,
			);
			path = ComponentLibraryUITests;
			sourceTree = "<group>";
		};
		F09389752175F90C00C902D8 /* UIKit */ = {
			isa = PBXGroup;
			children = (
				F09389762175F95600C902D8 /* CarouselScrollView */,
			);
			path = UIKit;
			sourceTree = "<group>";
		};
		F09389762175F95600C902D8 /* CarouselScrollView */ = {
			isa = PBXGroup;
			children = (
				F09389792175F9E400C902D8 /* GTCarouselCollectionViewFlowLayout.h */,
				F093897A2175F9E400C902D8 /* GTCarouselCollectionViewFlowLayout.m */,
				F093897E2175F9E500C902D8 /* GTCarouselPageControlView.h */,
				F093897C2175F9E500C902D8 /* GTCarouselPageControlView.m */,
				F093897D2175F9E500C902D8 /* GTCarouselView.h */,
				F09389782175F9E400C902D8 /* GTCarouselView.m */,
			);
			path = CarouselScrollView;
			sourceTree = "<group>";
		};
		F09389772175F97A00C902D8 /* Utility */ = {
			isa = PBXGroup;
			children = (
				F031CBAE217DD354008DD80F /* Timer */,
				F031CBA3217D7D9A008DD80F /* UIView+GTLayout.h */,
				F031CBA4217D7D9A008DD80F /* UIView+GTLayout.m */,
			);
			path = Utility;
			sourceTree = "<group>";
		};
/* End PBXGroup section */

/* Begin PBXNativeTarget section */
		F093893F2175F8EB00C902D8 /* ComponentLibrary */ = {
			isa = PBXNativeTarget;
			buildConfigurationList = F093896C2175F8EC00C902D8 /* Build configuration list for PBXNativeTarget "ComponentLibrary" */;
			buildPhases = (
				F093893C2175F8EB00C902D8 /* Sources */,
				F093893D2175F8EB00C902D8 /* Frameworks */,
				F093893E2175F8EB00C902D8 /* Resources */,
			);
			buildRules = (
			);
			dependencies = (
			);
			name = ComponentLibrary;
			productName = ComponentLibrary;
			productReference = F09389402175F8EB00C902D8 /* ComponentLibrary.app */;
			productType = "com.apple.product-type.application";
		};
		F09389572175F8EC00C902D8 /* ComponentLibraryTests */ = {
			isa = PBXNativeTarget;
			buildConfigurationList = F093896F2175F8EC00C902D8 /* Build configuration list for PBXNativeTarget "ComponentLibraryTests" */;
			buildPhases = (
				F09389542175F8EC00C902D8 /* Sources */,
				F09389552175F8EC00C902D8 /* Frameworks */,
				F09389562175F8EC00C902D8 /* Resources */,
			);
			buildRules = (
			);
			dependencies = (
				F093895A2175F8EC00C902D8 /* PBXTargetDependency */,
			);
			name = ComponentLibraryTests;
			productName = ComponentLibraryTests;
			productReference = F09389582175F8EC00C902D8 /* ComponentLibraryTests.xctest */;
			productType = "com.apple.product-type.bundle.unit-test";
		};
		F09389622175F8EC00C902D8 /* ComponentLibraryUITests */ = {
			isa = PBXNativeTarget;
			buildConfigurationList = F09389722175F8EC00C902D8 /* Build configuration list for PBXNativeTarget "ComponentLibraryUITests" */;
			buildPhases = (
				F093895F2175F8EC00C902D8 /* Sources */,
				F09389602175F8EC00C902D8 /* Frameworks */,
				F09389612175F8EC00C902D8 /* Resources */,
			);
			buildRules = (
			);
			dependencies = (
				F09389652175F8EC00C902D8 /* PBXTargetDependency */,
			);
			name = ComponentLibraryUITests;
			productName = ComponentLibraryUITests;
			productReference = F09389632175F8EC00C902D8 /* ComponentLibraryUITests.xctest */;
			productType = "com.apple.product-type.bundle.ui-testing";
		};
/* End PBXNativeTarget section */

/* Begin PBXProject section */
		F09389382175F8EB00C902D8 /* Project object */ = {
			isa = PBXProject;
			attributes = {
				LastUpgradeCheck = 1000;
				ORGANIZATIONNAME = imera;
				TargetAttributes = {
					F093893F2175F8EB00C902D8 = {
						CreatedOnToolsVersion = 10.0;
					};
					F09389572175F8EC00C902D8 = {
						CreatedOnToolsVersion = 10.0;
						TestTargetID = F093893F2175F8EB00C902D8;
					};
					F09389622175F8EC00C902D8 = {
						CreatedOnToolsVersion = 10.0;
						TestTargetID = F093893F2175F8EB00C902D8;
					};
				};
			};
			buildConfigurationList = F093893B2175F8EB00C902D8 /* Build configuration list for PBXProject "ComponentLibrary" */;
			compatibilityVersion = "Xcode 9.3";
			developmentRegion = en;
			hasScannedForEncodings = 0;
			knownRegions = (
				en,
				Base,
			);
			mainGroup = F09389372175F8EB00C902D8;
			productRefGroup = F09389412175F8EB00C902D8 /* Products */;
			projectDirPath = "";
			projectRoot = "";
			targets = (
				F093893F2175F8EB00C902D8 /* ComponentLibrary */,
				F09389572175F8EC00C902D8 /* ComponentLibraryTests */,
				F09389622175F8EC00C902D8 /* ComponentLibraryUITests */,
			);
		};
/* End PBXProject section */

/* Begin PBXResourcesBuildPhase section */
		F093893E2175F8EB00C902D8 /* Resources */ = {
			isa = PBXResourcesBuildPhase;
			buildActionMask = 2147483647;
			files = (
				F09389502175F8EC00C902D8 /* LaunchScreen.storyboard in Resources */,
				F093894D2175F8EC00C902D8 /* Assets.xcassets in Resources */,
				F093894B2175F8EB00C902D8 /* Main.storyboard in Resources */,
			);
			runOnlyForDeploymentPostprocessing = 0;
		};
		F09389562175F8EC00C902D8 /* Resources */ = {
			isa = PBXResourcesBuildPhase;
			buildActionMask = 2147483647;
			files = (
			);
			runOnlyForDeploymentPostprocessing = 0;
		};
		F09389612175F8EC00C902D8 /* Resources */ = {
			isa = PBXResourcesBuildPhase;
			buildActionMask = 2147483647;
			files = (
			);
			runOnlyForDeploymentPostprocessing = 0;
		};
/* End PBXResourcesBuildPhase section */

/* Begin PBXSourcesBuildPhase section */
		F093893C2175F8EB00C902D8 /* Sources */ = {
			isa = PBXSourcesBuildPhase;
			buildActionMask = 2147483647;
			files = (
				F031CB9B217D7299008DD80F /* GTCellModel.m in Sources */,
				F031CB95217D6B93008DD80F /* GTHomeTableViewController.m in Sources */,
				F09389822175F9E500C902D8 /* GTCarouselPageControlView.m in Sources */,
				F031CBA2217D76BC008DD80F /* GTCarouselViewController.m in Sources */,
				F031CBA5217D7D9A008DD80F /* UIView+GTLayout.m in Sources */,
				F09389802175F9E500C902D8 /* GTCarouselView.m in Sources */,
				F09389832175F9E500C902D8 /* GTCarouselCollectionViewCell.m in Sources */,
				F09389532175F8EC00C902D8 /* main.m in Sources */,
				F031CBB1217DD387008DD80F /* GTTimer.m in Sources */,
				F09389452175F8EB00C902D8 /* AppDelegate.m in Sources */,
				F09389812175F9E500C902D8 /* GTCarouselCollectionViewFlowLayout.m in Sources */,
				F031CB98217D6FA8008DD80F /* GTUIKitTableViewController.m in Sources */,
			);
			runOnlyForDeploymentPostprocessing = 0;
		};
		F09389542175F8EC00C902D8 /* Sources */ = {
			isa = PBXSourcesBuildPhase;
			buildActionMask = 2147483647;
			files = (
				F093895D2175F8EC00C902D8 /* ComponentLibraryTests.m in Sources */,
			);
			runOnlyForDeploymentPostprocessing = 0;
		};
		F093895F2175F8EC00C902D8 /* Sources */ = {
			isa = PBXSourcesBuildPhase;
			buildActionMask = 2147483647;
			files = (
				F09389682175F8EC00C902D8 /* ComponentLibraryUITests.m in Sources */,
			);
			runOnlyForDeploymentPostprocessing = 0;
		};
/* End PBXSourcesBuildPhase section */

/* Begin PBXTargetDependency section */
		F093895A2175F8EC00C902D8 /* PBXTargetDependency */ = {
			isa = PBXTargetDependency;
			target = F093893F2175F8EB00C902D8 /* ComponentLibrary */;
			targetProxy = F09389592175F8EC00C902D8 /* PBXContainerItemProxy */;
		};
		F09389652175F8EC00C902D8 /* PBXTargetDependency */ = {
			isa = PBXTargetDependency;
			target = F093893F2175F8EB00C902D8 /* ComponentLibrary */;
			targetProxy = F09389642175F8EC00C902D8 /* PBXContainerItemProxy */;
		};
/* End PBXTargetDependency section */

/* Begin PBXVariantGroup section */
		F09389492175F8EB00C902D8 /* Main.storyboard */ = {
			isa = PBXVariantGroup;
			children = (
				F093894A2175F8EB00C902D8 /* Base */,
			);
			name = Main.storyboard;
			sourceTree = "<group>";
		};
		F093894E2175F8EC00C902D8 /* LaunchScreen.storyboard */ = {
			isa = PBXVariantGroup;
			children = (
				F093894F2175F8EC00C902D8 /* Base */,
			);
			name = LaunchScreen.storyboard;
			sourceTree = "<group>";
		};
/* End PBXVariantGroup section */

/* Begin XCBuildConfiguration section */
		F093896A2175F8EC00C902D8 /* Debug */ = {
			isa = XCBuildConfiguration;
			buildSettings = {
				ALWAYS_SEARCH_USER_PATHS = NO;
				CLANG_ANALYZER_NONNULL = YES;
				CLANG_ANALYZER_NUMBER_OBJECT_CONVERSION = YES_AGGRESSIVE;
				CLANG_CXX_LANGUAGE_STANDARD = "gnu++14";
				CLANG_CXX_LIBRARY = "libc++";
				CLANG_ENABLE_MODULES = YES;
				CLANG_ENABLE_OBJC_ARC = YES;
				CLANG_ENABLE_OBJC_WEAK = YES;
				CLANG_WARN_BLOCK_CAPTURE_AUTORELEASING = YES;
				CLANG_WARN_BOOL_CONVERSION = YES;
				CLANG_WARN_COMMA = YES;
				CLANG_WARN_CONSTANT_CONVERSION = YES;
				CLANG_WARN_DEPRECATED_OBJC_IMPLEMENTATIONS = YES;
				CLANG_WARN_DIRECT_OBJC_ISA_USAGE = YES_ERROR;
				CLANG_WARN_DOCUMENTATION_COMMENTS = YES;
				CLANG_WARN_EMPTY_BODY = YES;
				CLANG_WARN_ENUM_CONVERSION = YES;
				CLANG_WARN_INFINITE_RECURSION = YES;
				CLANG_WARN_INT_CONVERSION = YES;
				CLANG_WARN_NON_LITERAL_NULL_CONVERSION = YES;
				CLANG_WARN_OBJC_IMPLICIT_RETAIN_SELF = YES;
				CLANG_WARN_OBJC_LITERAL_CONVERSION = YES;
				CLANG_WARN_OBJC_ROOT_CLASS = YES_ERROR;
				CLANG_WARN_RANGE_LOOP_ANALYSIS = YES;
				CLANG_WARN_STRICT_PROTOTYPES = YES;
				CLANG_WARN_SUSPICIOUS_MOVE = YES;
				CLANG_WARN_UNGUARDED_AVAILABILITY = YES_AGGRESSIVE;
				CLANG_WARN_UNREACHABLE_CODE = YES;
				CLANG_WARN__DUPLICATE_METHOD_MATCH = YES;
				CODE_SIGN_IDENTITY = "iPhone Developer";
				COPY_PHASE_STRIP = NO;
				DEBUG_INFORMATION_FORMAT = dwarf;
				ENABLE_STRICT_OBJC_MSGSEND = YES;
				ENABLE_TESTABILITY = YES;
				GCC_C_LANGUAGE_STANDARD = gnu11;
				GCC_DYNAMIC_NO_PIC = NO;
				GCC_NO_COMMON_BLOCKS = YES;
				GCC_OPTIMIZATION_LEVEL = 0;
				GCC_PREPROCESSOR_DEFINITIONS = (
					"DEBUG=1",
					"$(inherited)",
				);
				GCC_WARN_64_TO_32_BIT_CONVERSION = YES;
				GCC_WARN_ABOUT_RETURN_TYPE = YES_ERROR;
				GCC_WARN_UNDECLARED_SELECTOR = YES;
				GCC_WARN_UNINITIALIZED_AUTOS = YES_AGGRESSIVE;
				GCC_WARN_UNUSED_FUNCTION = YES;
				GCC_WARN_UNUSED_VARIABLE = YES;
				IPHONEOS_DEPLOYMENT_TARGET = 12.0;
				MTL_ENABLE_DEBUG_INFO = INCLUDE_SOURCE;
				MTL_FAST_MATH = YES;
				ONLY_ACTIVE_ARCH = YES;
				SDKROOT = iphoneos;
			};
			name = Debug;
		};
		F093896B2175F8EC00C902D8 /* Release */ = {
			isa = XCBuildConfiguration;
			buildSettings = {
				ALWAYS_SEARCH_USER_PATHS = NO;
				CLANG_ANALYZER_NONNULL = YES;
				CLANG_ANALYZER_NUMBER_OBJECT_CONVERSION = YES_AGGRESSIVE;
				CLANG_CXX_LANGUAGE_STANDARD = "gnu++14";
				CLANG_CXX_LIBRARY = "libc++";
				CLANG_ENABLE_MODULES = YES;
				CLANG_ENABLE_OBJC_ARC = YES;
				CLANG_ENABLE_OBJC_WEAK = YES;
				CLANG_WARN_BLOCK_CAPTURE_AUTORELEASING = YES;
				CLANG_WARN_BOOL_CONVERSION = YES;
				CLANG_WARN_COMMA = YES;
				CLANG_WARN_CONSTANT_CONVERSION = YES;
				CLANG_WARN_DEPRECATED_OBJC_IMPLEMENTATIONS = YES;
				CLANG_WARN_DIRECT_OBJC_ISA_USAGE = YES_ERROR;
				CLANG_WARN_DOCUMENTATION_COMMENTS = YES;
				CLANG_WARN_EMPTY_BODY = YES;
				CLANG_WARN_ENUM_CONVERSION = YES;
				CLANG_WARN_INFINITE_RECURSION = YES;
				CLANG_WARN_INT_CONVERSION = YES;
				CLANG_WARN_NON_LITERAL_NULL_CONVERSION = YES;
				CLANG_WARN_OBJC_IMPLICIT_RETAIN_SELF = YES;
				CLANG_WARN_OBJC_LITERAL_CONVERSION = YES;
				CLANG_WARN_OBJC_ROOT_CLASS = YES_ERROR;
				CLANG_WARN_RANGE_LOOP_ANALYSIS = YES;
				CLANG_WARN_STRICT_PROTOTYPES = YES;
				CLANG_WARN_SUSPICIOUS_MOVE = YES;
				CLANG_WARN_UNGUARDED_AVAILABILITY = YES_AGGRESSIVE;
				CLANG_WARN_UNREACHABLE_CODE = YES;
				CLANG_WARN__DUPLICATE_METHOD_MATCH = YES;
				CODE_SIGN_IDENTITY = "iPhone Developer";
				COPY_PHASE_STRIP = NO;
				DEBUG_INFORMATION_FORMAT = "dwarf-with-dsym";
				ENABLE_NS_ASSERTIONS = NO;
				ENABLE_STRICT_OBJC_MSGSEND = YES;
				GCC_C_LANGUAGE_STANDARD = gnu11;
				GCC_NO_COMMON_BLOCKS = YES;
				GCC_WARN_64_TO_32_BIT_CONVERSION = YES;
				GCC_WARN_ABOUT_RETURN_TYPE = YES_ERROR;
				GCC_WARN_UNDECLARED_SELECTOR = YES;
				GCC_WARN_UNINITIALIZED_AUTOS = YES_AGGRESSIVE;
				GCC_WARN_UNUSED_FUNCTION = YES;
				GCC_WARN_UNUSED_VARIABLE = YES;
				IPHONEOS_DEPLOYMENT_TARGET = 12.0;
				MTL_ENABLE_DEBUG_INFO = NO;
				MTL_FAST_MATH = YES;
				SDKROOT = iphoneos;
				VALIDATE_PRODUCT = YES;
			};
			name = Release;
		};
		F093896D2175F8EC00C902D8 /* Debug */ = {
			isa = XCBuildConfiguration;
			buildSettings = {
				ASSETCATALOG_COMPILER_APPICON_NAME = AppIcon;
				CODE_SIGN_STYLE = Automatic;
				DEVELOPMENT_TEAM = 48664Z3QZT;
				GCC_PRECOMPILE_PREFIX_HEADER = NO;
				GCC_PREFIX_HEADER = "$(SRCROOT)/ComponentLibrary/PrefixHeader.pch";
				INFOPLIST_FILE = ComponentLibrary/Info.plist;
				LD_RUNPATH_SEARCH_PATHS = (
					"$(inherited)",
					"@executable_path/Frameworks",
				);
				PRODUCT_BUNDLE_IDENTIFIER = imera.ComponentLibrary;
				PRODUCT_NAME = "$(TARGET_NAME)";
				TARGETED_DEVICE_FAMILY = "1,2";
			};
			name = Debug;
		};
		F093896E2175F8EC00C902D8 /* Release */ = {
			isa = XCBuildConfiguration;
			buildSettings = {
				ASSETCATALOG_COMPILER_APPICON_NAME = AppIcon;
				CODE_SIGN_STYLE = Automatic;
				DEVELOPMENT_TEAM = 48664Z3QZT;
				GCC_PRECOMPILE_PREFIX_HEADER = NO;
				GCC_PREFIX_HEADER = "$(SRCROOT)/ComponentLibrary/PrefixHeader.pch";
				INFOPLIST_FILE = ComponentLibrary/Info.plist;
				LD_RUNPATH_SEARCH_PATHS = (
					"$(inherited)",
					"@executable_path/Frameworks",
				);
				PRODUCT_BUNDLE_IDENTIFIER = imera.ComponentLibrary;
				PRODUCT_NAME = "$(TARGET_NAME)";
				TARGETED_DEVICE_FAMILY = "1,2";
			};
			name = Release;
		};
		F09389702175F8EC00C902D8 /* Debug */ = {
			isa = XCBuildConfiguration;
			buildSettings = {
				BUNDLE_LOADER = "$(TEST_HOST)";
				CODE_SIGN_STYLE = Automatic;
				DEVELOPMENT_TEAM = 48664Z3QZT;
				INFOPLIST_FILE = ComponentLibraryTests/Info.plist;
				LD_RUNPATH_SEARCH_PATHS = (
					"$(inherited)",
					"@executable_path/Frameworks",
					"@loader_path/Frameworks",
				);
				PRODUCT_BUNDLE_IDENTIFIER = imera.ComponentLibraryTests;
				PRODUCT_NAME = "$(TARGET_NAME)";
				TARGETED_DEVICE_FAMILY = "1,2";
				TEST_HOST = "$(BUILT_PRODUCTS_DIR)/ComponentLibrary.app/ComponentLibrary";
			};
			name = Debug;
		};
		F09389712175F8EC00C902D8 /* Release */ = {
			isa = XCBuildConfiguration;
			buildSettings = {
				BUNDLE_LOADER = "$(TEST_HOST)";
				CODE_SIGN_STYLE = Automatic;
				DEVELOPMENT_TEAM = 48664Z3QZT;
				INFOPLIST_FILE = ComponentLibraryTests/Info.plist;
				LD_RUNPATH_SEARCH_PATHS = (
					"$(inherited)",
					"@executable_path/Frameworks",
					"@loader_path/Frameworks",
				);
				PRODUCT_BUNDLE_IDENTIFIER = imera.ComponentLibraryTests;
				PRODUCT_NAME = "$(TARGET_NAME)";
				TARGETED_DEVICE_FAMILY = "1,2";
				TEST_HOST = "$(BUILT_PRODUCTS_DIR)/ComponentLibrary.app/ComponentLibrary";
			};
			name = Release;
		};
		F09389732175F8EC00C902D8 /* Debug */ = {
			isa = XCBuildConfiguration;
			buildSettings = {
				CODE_SIGN_STYLE = Automatic;
				DEVELOPMENT_TEAM = 48664Z3QZT;
				INFOPLIST_FILE = ComponentLibraryUITests/Info.plist;
				LD_RUNPATH_SEARCH_PATHS = (
					"$(inherited)",
					"@executable_path/Frameworks",
					"@loader_path/Frameworks",
				);
				PRODUCT_BUNDLE_IDENTIFIER = imera.ComponentLibraryUITests;
				PRODUCT_NAME = "$(TARGET_NAME)";
				TARGETED_DEVICE_FAMILY = "1,2";
				TEST_TARGET_NAME = ComponentLibrary;
			};
			name = Debug;
		};
		F09389742175F8EC00C902D8 /* Release */ = {
			isa = XCBuildConfiguration;
			buildSettings = {
				CODE_SIGN_STYLE = Automatic;
				DEVELOPMENT_TEAM = 48664Z3QZT;
				INFOPLIST_FILE = ComponentLibraryUITests/Info.plist;
				LD_RUNPATH_SEARCH_PATHS = (
					"$(inherited)",
					"@executable_path/Frameworks",
					"@loader_path/Frameworks",
				);
				PRODUCT_BUNDLE_IDENTIFIER = imera.ComponentLibraryUITests;
				PRODUCT_NAME = "$(TARGET_NAME)";
				TARGETED_DEVICE_FAMILY = "1,2";
				TEST_TARGET_NAME = ComponentLibrary;
			};
			name = Release;
		};
/* End XCBuildConfiguration section */

/* Begin XCConfigurationList section */
		F093893B2175F8EB00C902D8 /* Build configuration list for PBXProject "ComponentLibrary" */ = {
			isa = XCConfigurationList;
			buildConfigurations = (
				F093896A2175F8EC00C902D8 /* Debug */,
				F093896B2175F8EC00C902D8 /* Release */,
			);
			defaultConfigurationIsVisible = 0;
			defaultConfigurationName = Release;
		};
		F093896C2175F8EC00C902D8 /* Build configuration list for PBXNativeTarget "ComponentLibrary" */ = {
			isa = XCConfigurationList;
			buildConfigurations = (
				F093896D2175F8EC00C902D8 /* Debug */,
				F093896E2175F8EC00C902D8 /* Release */,
			);
			defaultConfigurationIsVisible = 0;
			defaultConfigurationName = Release;
		};
		F093896F2175F8EC00C902D8 /* Build configuration list for PBXNativeTarget "ComponentLibraryTests" */ = {
			isa = XCConfigurationList;
			buildConfigurations = (
				F09389702175F8EC00C902D8 /* Debug */,
				F09389712175F8EC00C902D8 /* Release */,
			);
			defaultConfigurationIsVisible = 0;
			defaultConfigurationName = Release;
		};
		F09389722175F8EC00C902D8 /* Build configuration list for PBXNativeTarget "ComponentLibraryUITests" */ = {
			isa = XCConfigurationList;
			buildConfigurations = (
				F09389732175F8EC00C902D8 /* Debug */,
				F09389742175F8EC00C902D8 /* Release */,
			);
			defaultConfigurationIsVisible = 0;
			defaultConfigurationName = Release;
		};
/* End XCConfigurationList section */
	};
	rootObject = F09389382175F8EB00C902D8 /* Project object */;
}
